// !$*UTF8*$!
{
	archiveVersion = 1;
	classes = {
	};
	objectVersion = 50;
	objects = {

/* Begin PBXBuildFile section */
		1AF50D8124EECB0300CDC057 /* AppDelegate.swift in Sources */ = {isa = PBXBuildFile; fileRef = 1AF50D8024EECB0300CDC057 /* AppDelegate.swift */; };
		1AF50D8324EECB0300CDC057 /* SceneDelegate.swift in Sources */ = {isa = PBXBuildFile; fileRef = 1AF50D8224EECB0300CDC057 /* SceneDelegate.swift */; };
		1AF50D8524EECB0300CDC057 /* ViewController.swift in Sources */ = {isa = PBXBuildFile; fileRef = 1AF50D8424EECB0300CDC057 /* ViewController.swift */; };
		1AF50D8824EECB0300CDC057 /* Main.storyboard in Resources */ = {isa = PBXBuildFile; fileRef = 1AF50D8624EECB0300CDC057 /* Main.storyboard */; };
		1AF50D8A24EECB0400CDC057 /* Assets.xcassets in Resources */ = {isa = PBXBuildFile; fileRef = 1AF50D8924EECB0400CDC057 /* Assets.xcassets */; };
		1AF50D8D24EECB0400CDC057 /* LaunchScreen.storyboard in Resources */ = {isa = PBXBuildFile; fileRef = 1AF50D8B24EECB0400CDC057 /* LaunchScreen.storyboard */; };
		1AF50D9524EECB3500CDC057 /* .gitignore in Resources */ = {isa = PBXBuildFile; fileRef = 1AF50D9424EECB3500CDC057 /* .gitignore */; };
		1AF50D9824EEE9B500CDC057 /* MapsFromApple.swift in Sources */ = {isa = PBXBuildFile; fileRef = 1AF50D9724EEE9B500CDC057 /* MapsFromApple.swift */; };
/* End PBXBuildFile section */

/* Begin PBXFileReference section */
		1AF50D7D24EECB0300CDC057 /* Garraio Publikoa.app */ = {isa = PBXFileReference; explicitFileType = wrapper.application; includeInIndex = 0; path = "Garraio Publikoa.app"; sourceTree = BUILT_PRODUCTS_DIR; };
		1AF50D8024EECB0300CDC057 /* AppDelegate.swift */ = {isa = PBXFileReference; lastKnownFileType = sourcecode.swift; path = AppDelegate.swift; sourceTree = "<group>"; };
		1AF50D8224EECB0300CDC057 /* SceneDelegate.swift */ = {isa = PBXFileReference; lastKnownFileType = sourcecode.swift; path = SceneDelegate.swift; sourceTree = "<group>"; };
		1AF50D8424EECB0300CDC057 /* ViewController.swift */ = {isa = PBXFileReference; lastKnownFileType = sourcecode.swift; path = ViewController.swift; sourceTree = "<group>"; };
		1AF50D8724EECB0300CDC057 /* Base */ = {isa = PBXFileReference; lastKnownFileType = file.storyboard; name = Base; path = Base.lproj/Main.storyboard; sourceTree = "<group>"; };
		1AF50D8924EECB0400CDC057 /* Assets.xcassets */ = {isa = PBXFileReference; lastKnownFileType = folder.assetcatalog; path = Assets.xcassets; sourceTree = "<group>"; };
		1AF50D8C24EECB0400CDC057 /* Base */ = {isa = PBXFileReference; lastKnownFileType = file.storyboard; name = Base; path = Base.lproj/LaunchScreen.storyboard; sourceTree = "<group>"; };
		1AF50D8E24EECB0400CDC057 /* Info.plist */ = {isa = PBXFileReference; lastKnownFileType = text.plist.xml; path = Info.plist; sourceTree = "<group>"; };
		1AF50D9424EECB3500CDC057 /* .gitignore */ = {isa = PBXFileReference; lastKnownFileType = text; path = .gitignore; sourceTree = "<group>"; };
		1AF50D9624EECD0C00CDC057 /* README.md */ = {isa = PBXFileReference; lastKnownFileType = net.daringfireball.markdown; path = README.md; sourceTree = "<group>"; };
		1AF50D9724EEE9B500CDC057 /* MapsFromApple.swift */ = {isa = PBXFileReference; lastKnownFileType = sourcecode.swift; path = MapsFromApple.swift; sourceTree = "<group>"; };
/* End PBXFileReference section */

/* Begin PBXFrameworksBuildPhase section */
		1AF50D7A24EECB0300CDC057 /* Frameworks */ = {
			isa = PBXFrameworksBuildPhase;
			buildActionMask = 2147483647;
			files = (
			);
			runOnlyForDeploymentPostprocessing = 0;
		};
/* End PBXFrameworksBuildPhase section */

/* Begin PBXGroup section */
		1AF50D7424EECB0300CDC057 = {
			isa = PBXGroup;
			children = (
				1AF50D9624EECD0C00CDC057 /* README.md */,
				1AF50D9424EECB3500CDC057 /* .gitignore */,
				1AF50D7F24EECB0300CDC057 /* Garraio Publikoa */,
				1AF50D7E24EECB0300CDC057 /* Products */,
			);
			sourceTree = "<group>";
		};
		1AF50D7E24EECB0300CDC057 /* Products */ = {
			isa = PBXGroup;
			children = (
				1AF50D7D24EECB0300CDC057 /* Garraio Publikoa.app */,
			);
			name = Products;
			sourceTree = "<group>";
		};
		1AF50D7F24EECB0300CDC057 /* Garraio Publikoa */ = {
			isa = PBXGroup;
			children = (
				1AF50D8024EECB0300CDC057 /* AppDelegate.swift */,
				1AF50D8224EECB0300CDC057 /* SceneDelegate.swift */,
				1AF50D8424EECB0300CDC057 /* ViewController.swift */,
				1AF50D9724EEE9B500CDC057 /* MapsFromApple.swift */,
				1AF50D8624EECB0300CDC057 /* Main.storyboard */,
				1AF50D8924EECB0400CDC057 /* Assets.xcassets */,
				1AF50D8B24EECB0400CDC057 /* LaunchScreen.storyboard */,
				1AF50D8E24EECB0400CDC057 /* Info.plist */,
			);
			path = "Garraio Publikoa";
			sourceTree = "<group>";
		};
/* End PBXGroup section */

/* Begin PBXNativeTarget section */
		1AF50D7C24EECB0300CDC057 /* Garraio Publikoa */ = {
			isa = PBXNativeTarget;
			buildConfigurationList = 1AF50D9124EECB0400CDC057 /* Build configuration list for PBXNativeTarget "Garraio Publikoa" */;
			buildPhases = (
				1AF50D7924EECB0300CDC057 /* Sources */,
				1AF50D7A24EECB0300CDC057 /* Frameworks */,
				1AF50D7B24EECB0300CDC057 /* Resources */,
			);
			buildRules = (
			);
			dependencies = (
			);
			name = "Garraio Publikoa";
			productName = "Garraio Publikoa";
			productReference = 1AF50D7D24EECB0300CDC057 /* Garraio Publikoa.app */;
			productType = "com.apple.product-type.application";
		};
/* End PBXNativeTarget section */

/* Begin PBXProject section */
		1AF50D7524EECB0300CDC057 /* Project object */ = {
			isa = PBXProject;
			attributes = {
				LastSwiftUpdateCheck = 1150;
				LastUpgradeCheck = 1150;
				ORGANIZATIONNAME = "Aitor Zubizarreta";
				TargetAttributes = {
					1AF50D7C24EECB0300CDC057 = {
						CreatedOnToolsVersion = 11.5;
					};
				};
			};
			buildConfigurationList = 1AF50D7824EECB0300CDC057 /* Build configuration list for PBXProject "Garraio Publikoa" */;
			compatibilityVersion = "Xcode 9.3";
			developmentRegion = en;
			hasScannedForEncodings = 0;
			knownRegions = (
				en,
				Base,
			);
			mainGroup = 1AF50D7424EECB0300CDC057;
			productRefGroup = 1AF50D7E24EECB0300CDC057 /* Products */;
			projectDirPath = "";
			projectRoot = "";
			targets = (
				1AF50D7C24EECB0300CDC057 /* Garraio Publikoa */,
			);
		};
/* End PBXProject section */

/* Begin PBXResourcesBuildPhase section */
		1AF50D7B24EECB0300CDC057 /* Resources */ = {
			isa = PBXResourcesBuildPhase;
			buildActionMask = 2147483647;
			files = (
				1AF50D9524EECB3500CDC057 /* .gitignore in Resources */,
				1AF50D8D24EECB0400CDC057 /* LaunchScreen.storyboard in Resources */,
				1AF50D8A24EECB0400CDC057 /* Assets.xcassets in Resources */,
				1AF50D8824EECB0300CDC057 /* Main.storyboard in Resources */,
			);
			runOnlyForDeploymentPostprocessing = 0;
		};
/* End PBXResourcesBuildPhase section */

/* Begin PBXSourcesBuildPhase section */
		1AF50D7924EECB0300CDC057 /* Sources */ = {
			isa = PBXSourcesBuildPhase;
			buildActionMask = 2147483647;
			files = (
				1AF50D8524EECB0300CDC057 /* ViewController.swift in Sources */,
				1AF50D9824EEE9B500CDC057 /* MapsFromApple.swift in Sources */,
				1AF50D8124EECB0300CDC057 /* AppDelegate.swift in Sources */,
				1AF50D8324EECB0300CDC057 /* SceneDelegate.swift in Sources */,
			);
			runOnlyForDeploymentPostprocessing = 0;
		};
/* End PBXSourcesBuildPhase section */

/* Begin PBXVariantGroup section */
		1AF50D8624EECB0300CDC057 /* Main.storyboard */ = {
			isa = PBXVariantGroup;
			children = (
				1AF50D8724EECB0300CDC057 /* Base */,
			);
			name = Main.storyboard;
			sourceTree = "<group>";
		};
		1AF50D8B24EECB0400CDC057 /* LaunchScreen.storyboard */ = {
			isa = PBXVariantGroup;
			children = (
				1AF50D8C24EECB0400CDC057 /* Base */,
			);
			name = LaunchScreen.storyboard;
			sourceTree = "<group>";
		};
/* End PBXVariantGroup section */

/* Begin XCBuildConfiguration section */
		1AF50D8F24EECB0400CDC057 /* Debug */ = {
			isa = XCBuildConfiguration;
			buildSettings = {
				ALWAYS_SEARCH_USER_PATHS = NO;
				CLANG_ANALYZER_NONNULL = YES;
				CLANG_ANALYZER_NUMBER_OBJECT_CONVERSION = YES_AGGRESSIVE;
				CLANG_CXX_LANGUAGE_STANDARD = "gnu++14";
				CLANG_CXX_LIBRARY = "libc++";
				CLANG_ENABLE_MODULES = YES;
				CLANG_ENABLE_OBJC_ARC = YES;
				CLANG_ENABLE_OBJC_WEAK = YES;
				CLANG_WARN_BLOCK_CAPTURE_AUTORELEASING = YES;
				CLANG_WARN_BOOL_CONVERSION = YES;
				CLANG_WARN_COMMA = YES;
				CLANG_WARN_CONSTANT_CONVERSION = YES;
				CLANG_WARN_DEPRECATED_OBJC_IMPLEMENTATIONS = YES;
				CLANG_WARN_DIRECT_OBJC_ISA_USAGE = YES_ERROR;
				CLANG_WARN_DOCUMENTATION_COMMENTS = YES;
				CLANG_WARN_EMPTY_BODY = YES;
				CLANG_WARN_ENUM_CONVERSION = YES;
				CLANG_WARN_INFINITE_RECURSION = YES;
				CLANG_WARN_INT_CONVERSION = YES;
				CLANG_WARN_NON_LITERAL_NULL_CONVERSION = YES;
				CLANG_WARN_OBJC_IMPLICIT_RETAIN_SELF = YES;
				CLANG_WARN_OBJC_LITERAL_CONVERSION = YES;
				CLANG_WARN_OBJC_ROOT_CLASS = YES_ERROR;
				CLANG_WARN_RANGE_LOOP_ANALYSIS = YES;
				CLANG_WARN_STRICT_PROTOTYPES = YES;
				CLANG_WARN_SUSPICIOUS_MOVE = YES;
				CLANG_WARN_UNGUARDED_AVAILABILITY = YES_AGGRESSIVE;
				CLANG_WARN_UNREACHABLE_CODE = YES;
				CLANG_WARN__DUPLICATE_METHOD_MATCH = YES;
				COPY_PHASE_STRIP = NO;
				DEBUG_INFORMATION_FORMAT = dwarf;
				ENABLE_STRICT_OBJC_MSGSEND = YES;
				ENABLE_TESTABILITY = YES;
				GCC_C_LANGUAGE_STANDARD = gnu11;
				GCC_DYNAMIC_NO_PIC = NO;
				GCC_NO_COMMON_BLOCKS = YES;
				GCC_OPTIMIZATION_LEVEL = 0;
				GCC_PREPROCESSOR_DEFINITIONS = (
					"DEBUG=1",
					"$(inherited)",
				);
				GCC_WARN_64_TO_32_BIT_CONVERSION = YES;
				GCC_WARN_ABOUT_RETURN_TYPE = YES_ERROR;
				GCC_WARN_UNDECLARED_SELECTOR = YES;
				GCC_WARN_UNINITIALIZED_AUTOS = YES_AGGRESSIVE;
				GCC_WARN_UNUSED_FUNCTION = YES;
				GCC_WARN_UNUSED_VARIABLE = YES;
				IPHONEOS_DEPLOYMENT_TARGET = 13.5;
				MTL_ENABLE_DEBUG_INFO = INCLUDE_SOURCE;
				MTL_FAST_MATH = YES;
				ONLY_ACTIVE_ARCH = YES;
				SDKROOT = iphoneos;
				SWIFT_ACTIVE_COMPILATION_CONDITIONS = DEBUG;
				SWIFT_OPTIMIZATION_LEVEL = "-Onone";
			};
			name = Debug;
		};
		1AF50D9024EECB0400CDC057 /* Release */ = {
			isa = XCBuildConfiguration;
			buildSettings = {
				ALWAYS_SEARCH_USER_PATHS = NO;
				CLANG_ANALYZER_NONNULL = YES;
				CLANG_ANALYZER_NUMBER_OBJECT_CONVERSION = YES_AGGRESSIVE;
				CLANG_CXX_LANGUAGE_STANDARD = "gnu++14";
				CLANG_CXX_LIBRARY = "libc++";
				CLANG_ENABLE_MODULES = YES;
				CLANG_ENABLE_OBJC_ARC = YES;
				CLANG_ENABLE_OBJC_WEAK = YES;
				CLANG_WARN_BLOCK_CAPTURE_AUTORELEASING = YES;
				CLANG_WARN_BOOL_CONVERSION = YES;
				CLANG_WARN_COMMA = YES;
				CLANG_WARN_CONSTANT_CONVERSION = YES;
				CLANG_WARN_DEPRECATED_OBJC_IMPLEMENTATIONS = YES;
				CLANG_WARN_DIRECT_OBJC_ISA_USAGE = YES_ERROR;
				CLANG_WARN_DOCUMENTATION_COMMENTS = YES;
				CLANG_WARN_EMPTY_BODY = YES;
				CLANG_WARN_ENUM_CONVERSION = YES;
				CLANG_WARN_INFINITE_RECURSION = YES;
				CLANG_WARN_INT_CONVERSION = YES;
				CLANG_WARN_NON_LITERAL_NULL_CONVERSION = YES;
				CLANG_WARN_OBJC_IMPLICIT_RETAIN_SELF = YES;
				CLANG_WARN_OBJC_LITERAL_CONVERSION = YES;
				CLANG_WARN_OBJC_ROOT_CLASS = YES_ERROR;
				CLANG_WARN_RANGE_LOOP_ANALYSIS = YES;
				CLANG_WARN_STRICT_PROTOTYPES = YES;
				CLANG_WARN_SUSPICIOUS_MOVE = YES;
				CLANG_WARN_UNGUARDED_AVAILABILITY = YES_AGGRESSIVE;
				CLANG_WARN_UNREACHABLE_CODE = YES;
				CLANG_WARN__DUPLICATE_METHOD_MATCH = YES;
				COPY_PHASE_STRIP = NO;
				DEBUG_INFORMATION_FORMAT = "dwarf-with-dsym";
				ENABLE_NS_ASSERTIONS = NO;
				ENABLE_STRICT_OBJC_MSGSEND = YES;
				GCC_C_LANGUAGE_STANDARD = gnu11;
				GCC_NO_COMMON_BLOCKS = YES;
				GCC_WARN_64_TO_32_BIT_CONVERSION = YES;
				GCC_WARN_ABOUT_RETURN_TYPE = YES_ERROR;
				GCC_WARN_UNDECLARED_SELECTOR = YES;
				GCC_WARN_UNINITIALIZED_AUTOS = YES_AGGRESSIVE;
				GCC_WARN_UNUSED_FUNCTION = YES;
				GCC_WARN_UNUSED_VARIABLE = YES;
				IPHONEOS_DEPLOYMENT_TARGET = 13.5;
				MTL_ENABLE_DEBUG_INFO = NO;
				MTL_FAST_MATH = YES;
				SDKROOT = iphoneos;
				SWIFT_COMPILATION_MODE = wholemodule;
				SWIFT_OPTIMIZATION_LEVEL = "-O";
				VALIDATE_PRODUCT = YES;
			};
			name = Release;
		};
		1AF50D9224EECB0400CDC057 /* Debug */ = {
			isa = XCBuildConfiguration;
			buildSettings = {
				ASSETCATALOG_COMPILER_APPICON_NAME = AppIcon;
				CODE_SIGN_STYLE = Automatic;
				DEVELOPMENT_TEAM = V9WUS7ZBGW;
				INFOPLIST_FILE = "Garraio Publikoa/Info.plist";
				IPHONEOS_DEPLOYMENT_TARGET = 11.0;
				LD_RUNPATH_SEARCH_PATHS = (
					"$(inherited)",
					"@executable_path/Frameworks",
				);
				PRODUCT_BUNDLE_IDENTIFIER = "eus.aitorzubizarreta.Garraio-Publikoa";
				PRODUCT_NAME = "$(TARGET_NAME)";
				SWIFT_VERSION = 5.0;
				TARGETED_DEVICE_FAMILY = 1;
			};
			name = Debug;
		};
		1AF50D9324EECB0400CDC057 /* Release */ = {
			isa = XCBuildConfiguration;
			buildSettings = {
				ASSETCATALOG_COMPILER_APPICON_NAME = AppIcon;
				CODE_SIGN_STYLE = Automatic;
				DEVELOPMENT_TEAM = V9WUS7ZBGW;
				INFOPLIST_FILE = "Garraio Publikoa/Info.plist";
				IPHONEOS_DEPLOYMENT_TARGET = 11.0;
				LD_RUNPATH_SEARCH_PATHS = (
					"$(inherited)",
					"@executable_path/Frameworks",
				);
				PRODUCT_BUNDLE_IDENTIFIER = "eus.aitorzubizarreta.Garraio-Publikoa";
				PRODUCT_NAME = "$(TARGET_NAME)";
				SWIFT_VERSION = 5.0;
				TARGETED_DEVICE_FAMILY = 1;
			};
			name = Release;
		};
/* End XCBuildConfiguration section */

/* Begin XCConfigurationList section */
		1AF50D7824EECB0300CDC057 /* Build configuration list for PBXProject "Garraio Publikoa" */ = {
			isa = XCConfigurationList;
			buildConfigurations = (
				1AF50D8F24EECB0400CDC057 /* Debug */,
				1AF50D9024EECB0400CDC057 /* Release */,
			);
			defaultConfigurationIsVisible = 0;
			defaultConfigurationName = Release;
		};
		1AF50D9124EECB0400CDC057 /* Build configuration list for PBXNativeTarget "Garraio Publikoa" */ = {
			isa = XCConfigurationList;
			buildConfigurations = (
				1AF50D9224EECB0400CDC057 /* Debug */,
				1AF50D9324EECB0400CDC057 /* Release */,
			);
			defaultConfigurationIsVisible = 0;
			defaultConfigurationName = Release;
		};
/* End XCConfigurationList section */
	};
	rootObject = 1AF50D7524EECB0300CDC057 /* Project object */;
}
