// !$*UTF8*$!
{
	archiveVersion = 1;
	classes = {
	};
	objectVersion = 50;
	objects = {

/* Begin PBXBuildFile section */
		1A13E30524F1BD3E005B21F0 /* Template.swift in Sources */ = {isa = PBXBuildFile; fileRef = 1A13E30424F1BD3E005B21F0 /* Template.swift */; };
		1A159BBF2504F1DC00B98437 /* FunicularIgeldo.json in Resources */ = {isa = PBXBuildFile; fileRef = 1A159BBE2504F1DC00B98437 /* FunicularIgeldo.json */; };
		1A159BC12504FEA800B98437 /* Bilbaobizi.json in Resources */ = {isa = PBXBuildFile; fileRef = 1A159BC02504FEA800B98437 /* Bilbaobizi.json */; };
		1A159BC32505672100B98437 /* EtxebarriBus.json in Resources */ = {isa = PBXBuildFile; fileRef = 1A159BC22505672100B98437 /* EtxebarriBus.json */; };
		1A159BC525056AD000B98437 /* KBus.json in Resources */ = {isa = PBXBuildFile; fileRef = 1A159BC425056AD000B98437 /* KBus.json */; };
		1A159BC725062C4500B98437 /* RenfeCercanias.json in Resources */ = {isa = PBXBuildFile; fileRef = 1A159BC625062C4500B98437 /* RenfeCercanias.json */; };
		1A159BC9250661CD00B98437 /* RenfeFeve.json in Resources */ = {isa = PBXBuildFile; fileRef = 1A159BC8250661CD00B98437 /* RenfeFeve.json */; };
		1A1FDD6124FABD430094EFBE /* Stop.swift in Sources */ = {isa = PBXBuildFile; fileRef = 1A1FDD6024FABD430094EFBE /* Stop.swift */; };
		1A1FDD6324FABE250094EFBE /* StopTime.swift in Sources */ = {isa = PBXBuildFile; fileRef = 1A1FDD6224FABE250094EFBE /* StopTime.swift */; };
		1A1FDD6524FAF9B50094EFBE /* CompanyInfo.swift in Sources */ = {isa = PBXBuildFile; fileRef = 1A1FDD6424FAF9B50094EFBE /* CompanyInfo.swift */; };
		1A412F4024F562A40092BA89 /* MarkerListViewModel.swift in Sources */ = {isa = PBXBuildFile; fileRef = 1A412F3F24F562A40092BA89 /* MarkerListViewModel.swift */; };
		1A53CA5F24FEC93D00ECD615 /* Timetable.swift in Sources */ = {isa = PBXBuildFile; fileRef = 1A53CA5E24FEC93D00ECD615 /* Timetable.swift */; };
		1A53CA6124FECB0500ECD615 /* StopsIdWithStopTime.swift in Sources */ = {isa = PBXBuildFile; fileRef = 1A53CA6024FECB0500ECD615 /* StopsIdWithStopTime.swift */; };
		1A53CA6324FEF19600ECD615 /* HexToUIColor.swift in Sources */ = {isa = PBXBuildFile; fileRef = 1A53CA6224FEF19600ECD615 /* HexToUIColor.swift */; };
		1A53CA6524FEF3CD00ECD615 /* CustomMarker.swift in Sources */ = {isa = PBXBuildFile; fileRef = 1A53CA6424FEF3CD00ECD615 /* CustomMarker.swift */; };
		1A69208F24F3D96F00A87389 /* Lurraldebus.json in Resources */ = {isa = PBXBuildFile; fileRef = 1A69208E24F3D96F00A87389 /* Lurraldebus.json */; };
		1A69209324F3DBFD00A87389 /* TUC.json in Resources */ = {isa = PBXBuildFile; fileRef = 1A69209224F3DBFD00A87389 /* TUC.json */; };
		1A69209524F3DD7E00A87389 /* Alavabus.json in Resources */ = {isa = PBXBuildFile; fileRef = 1A69209424F3DD7E00A87389 /* Alavabus.json */; };
		1A7D095F2502BCA200A78A90 /* CustomPolyline.swift in Sources */ = {isa = PBXBuildFile; fileRef = 1A7D095E2502BCA200A78A90 /* CustomPolyline.swift */; };
		1A8573B824F171B000E19FCE /* MapMarker.swift in Sources */ = {isa = PBXBuildFile; fileRef = 1A8573B724F171B000E19FCE /* MapMarker.swift */; };
		1A88A7EA24F5BA7C004A149E /* Pesa.json in Resources */ = {isa = PBXBuildFile; fileRef = 1A88A7E924F5BA7C004A149E /* Pesa.json */; };
		1A88A7EC24F5BACC004A149E /* MetroBilbao.json in Resources */ = {isa = PBXBuildFile; fileRef = 1A88A7EB24F5BACC004A149E /* MetroBilbao.json */; };
		1A88A7EE24F5BAE2004A149E /* Euskotren.json in Resources */ = {isa = PBXBuildFile; fileRef = 1A88A7ED24F5BAE2004A149E /* Euskotren.json */; };
		1A88A7F224F670B7004A149E /* TranviaBilbao.json in Resources */ = {isa = PBXBuildFile; fileRef = 1A88A7F124F670B7004A149E /* TranviaBilbao.json */; };
		1A88A7F424F670D2004A149E /* TranviaVitoria.json in Resources */ = {isa = PBXBuildFile; fileRef = 1A88A7F324F670D2004A149E /* TranviaVitoria.json */; };
		1A88A7F624F67229004A149E /* FunicularLarreineta.json in Resources */ = {isa = PBXBuildFile; fileRef = 1A88A7F524F67229004A149E /* FunicularLarreineta.json */; };
		1A88A7F824F6BAF2004A149E /* FunicularArtxanda.json in Resources */ = {isa = PBXBuildFile; fileRef = 1A88A7F724F6BAF2004A149E /* FunicularArtxanda.json */; };
		1A9943A024F0169200FC6D99 /* Bus.swift in Sources */ = {isa = PBXBuildFile; fileRef = 1A99439F24F0169200FC6D99 /* Bus.swift */; };
		1A9943A624F05C6C00FC6D99 /* LocalFile.swift in Sources */ = {isa = PBXBuildFile; fileRef = 1A9943A524F05C6C00FC6D99 /* LocalFile.swift */; };
		1A9943A824F08CFD00FC6D99 /* DBus.json in Resources */ = {isa = PBXBuildFile; fileRef = 1A9943A724F08CFD00FC6D99 /* DBus.json */; };
		1A9943AA24F0906900FC6D99 /* Tuvisa.json in Resources */ = {isa = PBXBuildFile; fileRef = 1A9943A924F0906900FC6D99 /* Tuvisa.json */; };
		1A9943AC24F092D200FC6D99 /* Udalbus.json in Resources */ = {isa = PBXBuildFile; fileRef = 1A9943AB24F092D200FC6D99 /* Udalbus.json */; };
		1A9943AE24F095C900FC6D99 /* Bizkaibus.json in Resources */ = {isa = PBXBuildFile; fileRef = 1A9943AD24F095C900FC6D99 /* Bizkaibus.json */; };
		1A9943B024F0980500FC6D99 /* Irunbus.json in Resources */ = {isa = PBXBuildFile; fileRef = 1A9943AF24F0980500FC6D99 /* Irunbus.json */; };
		1AF3632024F710BA00811964 /* Line.swift in Sources */ = {isa = PBXBuildFile; fileRef = 1AF3631F24F710BA00811964 /* Line.swift */; };
		1AF3EFA524F8194D0055E4DF /* Company.swift in Sources */ = {isa = PBXBuildFile; fileRef = 1AF3EFA424F8194D0055E4DF /* Company.swift */; };
		1AF3EFA724F81D460055E4DF /* Direction.swift in Sources */ = {isa = PBXBuildFile; fileRef = 1AF3EFA624F81D460055E4DF /* Direction.swift */; };
		1AF3EFA924F81E880055E4DF /* CompanyType.swift in Sources */ = {isa = PBXBuildFile; fileRef = 1AF3EFA824F81E880055E4DF /* CompanyType.swift */; };
		1AF50D8124EECB0300CDC057 /* AppDelegate.swift in Sources */ = {isa = PBXBuildFile; fileRef = 1AF50D8024EECB0300CDC057 /* AppDelegate.swift */; };
		1AF50D8324EECB0300CDC057 /* SceneDelegate.swift in Sources */ = {isa = PBXBuildFile; fileRef = 1AF50D8224EECB0300CDC057 /* SceneDelegate.swift */; };
		1AF50D8524EECB0300CDC057 /* ViewController.swift in Sources */ = {isa = PBXBuildFile; fileRef = 1AF50D8424EECB0300CDC057 /* ViewController.swift */; };
		1AF50D8824EECB0300CDC057 /* Main.storyboard in Resources */ = {isa = PBXBuildFile; fileRef = 1AF50D8624EECB0300CDC057 /* Main.storyboard */; };
		1AF50D8A24EECB0400CDC057 /* Assets.xcassets in Resources */ = {isa = PBXBuildFile; fileRef = 1AF50D8924EECB0400CDC057 /* Assets.xcassets */; };
		1AF50D8D24EECB0400CDC057 /* LaunchScreen.storyboard in Resources */ = {isa = PBXBuildFile; fileRef = 1AF50D8B24EECB0400CDC057 /* LaunchScreen.storyboard */; };
		1AF50D9524EECB3500CDC057 /* .gitignore in Resources */ = {isa = PBXBuildFile; fileRef = 1AF50D9424EECB3500CDC057 /* .gitignore */; };
		1AF50D9824EEE9B500CDC057 /* MapsFromApple.swift in Sources */ = {isa = PBXBuildFile; fileRef = 1AF50D9724EEE9B500CDC057 /* MapsFromApple.swift */; };
		1AF50D9A24EEFB8300CDC057 /* MapConfiguration.swift in Sources */ = {isa = PBXBuildFile; fileRef = 1AF50D9924EEFB8300CDC057 /* MapConfiguration.swift */; };
		1AF50DA024EF467800CDC057 /* Bilbobus.json in Resources */ = {isa = PBXBuildFile; fileRef = 1AF50D9F24EF467800CDC057 /* Bilbobus.json */; };
/* End PBXBuildFile section */

/* Begin PBXFileReference section */
		1A13E30424F1BD3E005B21F0 /* Template.swift */ = {isa = PBXFileReference; lastKnownFileType = sourcecode.swift; path = Template.swift; sourceTree = "<group>"; };
		1A159BBE2504F1DC00B98437 /* FunicularIgeldo.json */ = {isa = PBXFileReference; lastKnownFileType = text.json; path = FunicularIgeldo.json; sourceTree = "<group>"; };
		1A159BC02504FEA800B98437 /* Bilbaobizi.json */ = {isa = PBXFileReference; lastKnownFileType = text.json; path = Bilbaobizi.json; sourceTree = "<group>"; };
		1A159BC22505672100B98437 /* EtxebarriBus.json */ = {isa = PBXFileReference; lastKnownFileType = text.json; path = EtxebarriBus.json; sourceTree = "<group>"; };
		1A159BC425056AD000B98437 /* KBus.json */ = {isa = PBXFileReference; lastKnownFileType = text.json; path = KBus.json; sourceTree = "<group>"; };
		1A159BC625062C4500B98437 /* RenfeCercanias.json */ = {isa = PBXFileReference; lastKnownFileType = text.json; path = RenfeCercanias.json; sourceTree = "<group>"; };
		1A159BC8250661CD00B98437 /* RenfeFeve.json */ = {isa = PBXFileReference; lastKnownFileType = text.json; path = RenfeFeve.json; sourceTree = "<group>"; };
		1A1FDD6024FABD430094EFBE /* Stop.swift */ = {isa = PBXFileReference; lastKnownFileType = sourcecode.swift; path = Stop.swift; sourceTree = "<group>"; };
		1A1FDD6224FABE250094EFBE /* StopTime.swift */ = {isa = PBXFileReference; lastKnownFileType = sourcecode.swift; path = StopTime.swift; sourceTree = "<group>"; };
		1A1FDD6424FAF9B50094EFBE /* CompanyInfo.swift */ = {isa = PBXFileReference; lastKnownFileType = sourcecode.swift; path = CompanyInfo.swift; sourceTree = "<group>"; };
		1A412F3F24F562A40092BA89 /* MarkerListViewModel.swift */ = {isa = PBXFileReference; lastKnownFileType = sourcecode.swift; path = MarkerListViewModel.swift; sourceTree = "<group>"; };
		1A53CA5E24FEC93D00ECD615 /* Timetable.swift */ = {isa = PBXFileReference; lastKnownFileType = sourcecode.swift; path = Timetable.swift; sourceTree = "<group>"; };
		1A53CA6024FECB0500ECD615 /* StopsIdWithStopTime.swift */ = {isa = PBXFileReference; lastKnownFileType = sourcecode.swift; path = StopsIdWithStopTime.swift; sourceTree = "<group>"; };
		1A53CA6224FEF19600ECD615 /* HexToUIColor.swift */ = {isa = PBXFileReference; lastKnownFileType = sourcecode.swift; path = HexToUIColor.swift; sourceTree = "<group>"; };
		1A53CA6424FEF3CD00ECD615 /* CustomMarker.swift */ = {isa = PBXFileReference; lastKnownFileType = sourcecode.swift; path = CustomMarker.swift; sourceTree = "<group>"; };
		1A69208E24F3D96F00A87389 /* Lurraldebus.json */ = {isa = PBXFileReference; lastKnownFileType = text.json; path = Lurraldebus.json; sourceTree = "<group>"; };
		1A69209224F3DBFD00A87389 /* TUC.json */ = {isa = PBXFileReference; lastKnownFileType = text.json; path = TUC.json; sourceTree = "<group>"; };
		1A69209424F3DD7E00A87389 /* Alavabus.json */ = {isa = PBXFileReference; lastKnownFileType = text.json; path = Alavabus.json; sourceTree = "<group>"; };
		1A7D095E2502BCA200A78A90 /* CustomPolyline.swift */ = {isa = PBXFileReference; lastKnownFileType = sourcecode.swift; path = CustomPolyline.swift; sourceTree = "<group>"; };
		1A8573B724F171B000E19FCE /* MapMarker.swift */ = {isa = PBXFileReference; lastKnownFileType = sourcecode.swift; path = MapMarker.swift; sourceTree = "<group>"; };
		1A88A7E924F5BA7C004A149E /* Pesa.json */ = {isa = PBXFileReference; lastKnownFileType = text.json; path = Pesa.json; sourceTree = "<group>"; };
		1A88A7EB24F5BACC004A149E /* MetroBilbao.json */ = {isa = PBXFileReference; lastKnownFileType = text.json; path = MetroBilbao.json; sourceTree = "<group>"; };
		1A88A7ED24F5BAE2004A149E /* Euskotren.json */ = {isa = PBXFileReference; lastKnownFileType = text.json; path = Euskotren.json; sourceTree = "<group>"; };
		1A88A7F124F670B7004A149E /* TranviaBilbao.json */ = {isa = PBXFileReference; lastKnownFileType = text.json; path = TranviaBilbao.json; sourceTree = "<group>"; };
		1A88A7F324F670D2004A149E /* TranviaVitoria.json */ = {isa = PBXFileReference; lastKnownFileType = text.json; path = TranviaVitoria.json; sourceTree = "<group>"; };
		1A88A7F524F67229004A149E /* FunicularLarreineta.json */ = {isa = PBXFileReference; lastKnownFileType = text.json; path = FunicularLarreineta.json; sourceTree = "<group>"; };
		1A88A7F724F6BAF2004A149E /* FunicularArtxanda.json */ = {isa = PBXFileReference; lastKnownFileType = text.json; path = FunicularArtxanda.json; sourceTree = "<group>"; };
		1A99439F24F0169200FC6D99 /* Bus.swift */ = {isa = PBXFileReference; lastKnownFileType = sourcecode.swift; path = Bus.swift; sourceTree = "<group>"; };
		1A9943A524F05C6C00FC6D99 /* LocalFile.swift */ = {isa = PBXFileReference; lastKnownFileType = sourcecode.swift; path = LocalFile.swift; sourceTree = "<group>"; };
		1A9943A724F08CFD00FC6D99 /* DBus.json */ = {isa = PBXFileReference; lastKnownFileType = text.json; path = DBus.json; sourceTree = "<group>"; };
		1A9943A924F0906900FC6D99 /* Tuvisa.json */ = {isa = PBXFileReference; lastKnownFileType = text.json; path = Tuvisa.json; sourceTree = "<group>"; };
		1A9943AB24F092D200FC6D99 /* Udalbus.json */ = {isa = PBXFileReference; lastKnownFileType = text.json; path = Udalbus.json; sourceTree = "<group>"; };
		1A9943AD24F095C900FC6D99 /* Bizkaibus.json */ = {isa = PBXFileReference; lastKnownFileType = text.json; path = Bizkaibus.json; sourceTree = "<group>"; };
		1A9943AF24F0980500FC6D99 /* Irunbus.json */ = {isa = PBXFileReference; lastKnownFileType = text.json; path = Irunbus.json; sourceTree = "<group>"; };
		1AF3631F24F710BA00811964 /* Line.swift */ = {isa = PBXFileReference; lastKnownFileType = sourcecode.swift; path = Line.swift; sourceTree = "<group>"; };
		1AF3EFA424F8194D0055E4DF /* Company.swift */ = {isa = PBXFileReference; lastKnownFileType = sourcecode.swift; path = Company.swift; sourceTree = "<group>"; };
		1AF3EFA624F81D460055E4DF /* Direction.swift */ = {isa = PBXFileReference; lastKnownFileType = sourcecode.swift; path = Direction.swift; sourceTree = "<group>"; };
		1AF3EFA824F81E880055E4DF /* CompanyType.swift */ = {isa = PBXFileReference; lastKnownFileType = sourcecode.swift; path = CompanyType.swift; sourceTree = "<group>"; };
		1AF50D7D24EECB0300CDC057 /* Garraio Publikoa.app */ = {isa = PBXFileReference; explicitFileType = wrapper.application; includeInIndex = 0; path = "Garraio Publikoa.app"; sourceTree = BUILT_PRODUCTS_DIR; };
		1AF50D8024EECB0300CDC057 /* AppDelegate.swift */ = {isa = PBXFileReference; lastKnownFileType = sourcecode.swift; path = AppDelegate.swift; sourceTree = "<group>"; };
		1AF50D8224EECB0300CDC057 /* SceneDelegate.swift */ = {isa = PBXFileReference; lastKnownFileType = sourcecode.swift; path = SceneDelegate.swift; sourceTree = "<group>"; };
		1AF50D8424EECB0300CDC057 /* ViewController.swift */ = {isa = PBXFileReference; lastKnownFileType = sourcecode.swift; path = ViewController.swift; sourceTree = "<group>"; };
		1AF50D8724EECB0300CDC057 /* Base */ = {isa = PBXFileReference; lastKnownFileType = file.storyboard; name = Base; path = Base.lproj/Main.storyboard; sourceTree = "<group>"; };
		1AF50D8924EECB0400CDC057 /* Assets.xcassets */ = {isa = PBXFileReference; lastKnownFileType = folder.assetcatalog; path = Assets.xcassets; sourceTree = "<group>"; };
		1AF50D8C24EECB0400CDC057 /* Base */ = {isa = PBXFileReference; lastKnownFileType = file.storyboard; name = Base; path = Base.lproj/LaunchScreen.storyboard; sourceTree = "<group>"; };
		1AF50D8E24EECB0400CDC057 /* Info.plist */ = {isa = PBXFileReference; lastKnownFileType = text.plist.xml; path = Info.plist; sourceTree = "<group>"; };
		1AF50D9424EECB3500CDC057 /* .gitignore */ = {isa = PBXFileReference; lastKnownFileType = text; path = .gitignore; sourceTree = "<group>"; };
		1AF50D9624EECD0C00CDC057 /* README.md */ = {isa = PBXFileReference; lastKnownFileType = net.daringfireball.markdown; path = README.md; sourceTree = "<group>"; };
		1AF50D9724EEE9B500CDC057 /* MapsFromApple.swift */ = {isa = PBXFileReference; lastKnownFileType = sourcecode.swift; path = MapsFromApple.swift; sourceTree = "<group>"; };
		1AF50D9924EEFB8300CDC057 /* MapConfiguration.swift */ = {isa = PBXFileReference; lastKnownFileType = sourcecode.swift; path = MapConfiguration.swift; sourceTree = "<group>"; };
		1AF50D9F24EF467800CDC057 /* Bilbobus.json */ = {isa = PBXFileReference; lastKnownFileType = text.json; path = Bilbobus.json; sourceTree = "<group>"; };
/* End PBXFileReference section */

/* Begin PBXFrameworksBuildPhase section */
		1AF50D7A24EECB0300CDC057 /* Frameworks */ = {
			isa = PBXFrameworksBuildPhase;
			buildActionMask = 2147483647;
			files = (
			);
			runOnlyForDeploymentPostprocessing = 0;
		};
/* End PBXFrameworksBuildPhase section */

/* Begin PBXGroup section */
		1A412F3C24F560C00092BA89 /* Controllers */ = {
			isa = PBXGroup;
			children = (
				1AF50D8424EECB0300CDC057 /* ViewController.swift */,
			);
			path = Controllers;
			sourceTree = "<group>";
		};
		1A412F3D24F560CF0092BA89 /* Views */ = {
			isa = PBXGroup;
			children = (
				1A13E30424F1BD3E005B21F0 /* Template.swift */,
				1AF50D8624EECB0300CDC057 /* Main.storyboard */,
				1AF50D8B24EECB0400CDC057 /* LaunchScreen.storyboard */,
			);
			path = Views;
			sourceTree = "<group>";
		};
		1A412F3E24F560D70092BA89 /* ViewModels */ = {
			isa = PBXGroup;
			children = (
				1A412F3F24F562A40092BA89 /* MarkerListViewModel.swift */,
			);
			path = ViewModels;
			sourceTree = "<group>";
		};
		1A8573B924F173C300E19FCE /* Maps */ = {
			isa = PBXGroup;
			children = (
				1AF50D9724EEE9B500CDC057 /* MapsFromApple.swift */,
				1A8573B724F171B000E19FCE /* MapMarker.swift */,
				1A53CA6424FEF3CD00ECD615 /* CustomMarker.swift */,
				1A7D095E2502BCA200A78A90 /* CustomPolyline.swift */,
			);
			path = Maps;
			sourceTree = "<group>";
		};
		1A9943A224F05BC000FC6D99 /* Utils */ = {
			isa = PBXGroup;
			children = (
				1A9943A524F05C6C00FC6D99 /* LocalFile.swift */,
				1A53CA6224FEF19600ECD615 /* HexToUIColor.swift */,
			);
			path = Utils;
			sourceTree = "<group>";
		};
		1AF50D7424EECB0300CDC057 = {
			isa = PBXGroup;
			children = (
				1AF50D9624EECD0C00CDC057 /* README.md */,
				1AF50D9424EECB3500CDC057 /* .gitignore */,
				1AF50D7F24EECB0300CDC057 /* Garraio Publikoa */,
				1AF50D7E24EECB0300CDC057 /* Products */,
			);
			sourceTree = "<group>";
		};
		1AF50D7E24EECB0300CDC057 /* Products */ = {
			isa = PBXGroup;
			children = (
				1AF50D7D24EECB0300CDC057 /* Garraio Publikoa.app */,
			);
			name = Products;
			sourceTree = "<group>";
		};
		1AF50D7F24EECB0300CDC057 /* Garraio Publikoa */ = {
			isa = PBXGroup;
			children = (
				1A412F3E24F560D70092BA89 /* ViewModels */,
				1A412F3D24F560CF0092BA89 /* Views */,
				1A412F3C24F560C00092BA89 /* Controllers */,
				1A8573B924F173C300E19FCE /* Maps */,
				1A9943A224F05BC000FC6D99 /* Utils */,
				1AF50D9E24EF465400CDC057 /* LocalData */,
				1AF50D9B24EF2EB500CDC057 /* Models */,
				1AF50D8024EECB0300CDC057 /* AppDelegate.swift */,
				1AF50D8224EECB0300CDC057 /* SceneDelegate.swift */,
				1AF50D8924EECB0400CDC057 /* Assets.xcassets */,
				1AF50D8E24EECB0400CDC057 /* Info.plist */,
			);
			path = "Garraio Publikoa";
			sourceTree = "<group>";
		};
		1AF50D9B24EF2EB500CDC057 /* Models */ = {
			isa = PBXGroup;
			children = (
				1AF50D9924EEFB8300CDC057 /* MapConfiguration.swift */,
				1AF3EFA424F8194D0055E4DF /* Company.swift */,
				1A1FDD6424FAF9B50094EFBE /* CompanyInfo.swift */,
				1AF3EFA824F81E880055E4DF /* CompanyType.swift */,
				1A1FDD6024FABD430094EFBE /* Stop.swift */,
				1AF3631F24F710BA00811964 /* Line.swift */,
				1AF3EFA624F81D460055E4DF /* Direction.swift */,
				1A53CA5E24FEC93D00ECD615 /* Timetable.swift */,
				1A53CA6024FECB0500ECD615 /* StopsIdWithStopTime.swift */,
				1A1FDD6224FABE250094EFBE /* StopTime.swift */,
				1A99439F24F0169200FC6D99 /* Bus.swift */,
			);
			path = Models;
			sourceTree = "<group>";
		};
		1AF50D9E24EF465400CDC057 /* LocalData */ = {
			isa = PBXGroup;
			children = (
				1AF50D9F24EF467800CDC057 /* Bilbobus.json */,
				1A9943A724F08CFD00FC6D99 /* DBus.json */,
				1A9943A924F0906900FC6D99 /* Tuvisa.json */,
				1A9943AB24F092D200FC6D99 /* Udalbus.json */,
				1A9943AD24F095C900FC6D99 /* Bizkaibus.json */,
				1A9943AF24F0980500FC6D99 /* Irunbus.json */,
				1A69208E24F3D96F00A87389 /* Lurraldebus.json */,
				1A88A7E924F5BA7C004A149E /* Pesa.json */,
				1A69209224F3DBFD00A87389 /* TUC.json */,
				1A69209424F3DD7E00A87389 /* Alavabus.json */,
				1A88A7EB24F5BACC004A149E /* MetroBilbao.json */,
				1A88A7ED24F5BAE2004A149E /* Euskotren.json */,
				1A88A7F124F670B7004A149E /* TranviaBilbao.json */,
				1A88A7F324F670D2004A149E /* TranviaVitoria.json */,
				1A88A7F524F67229004A149E /* FunicularLarreineta.json */,
				1A88A7F724F6BAF2004A149E /* FunicularArtxanda.json */,
				1A159BBE2504F1DC00B98437 /* FunicularIgeldo.json */,
				1A159BC02504FEA800B98437 /* Bilbaobizi.json */,
				1A159BC22505672100B98437 /* EtxebarriBus.json */,
				1A159BC425056AD000B98437 /* KBus.json */,
				1A159BC625062C4500B98437 /* RenfeCercanias.json */,
				1A159BC8250661CD00B98437 /* RenfeFeve.json */,
			);
			path = LocalData;
			sourceTree = "<group>";
		};
/* End PBXGroup section */

/* Begin PBXNativeTarget section */
		1AF50D7C24EECB0300CDC057 /* Garraio Publikoa */ = {
			isa = PBXNativeTarget;
			buildConfigurationList = 1AF50D9124EECB0400CDC057 /* Build configuration list for PBXNativeTarget "Garraio Publikoa" */;
			buildPhases = (
				1AF50D7924EECB0300CDC057 /* Sources */,
				1AF50D7A24EECB0300CDC057 /* Frameworks */,
				1AF50D7B24EECB0300CDC057 /* Resources */,
			);
			buildRules = (
			);
			dependencies = (
			);
			name = "Garraio Publikoa";
			productName = "Garraio Publikoa";
			productReference = 1AF50D7D24EECB0300CDC057 /* Garraio Publikoa.app */;
			productType = "com.apple.product-type.application";
		};
/* End PBXNativeTarget section */

/* Begin PBXProject section */
		1AF50D7524EECB0300CDC057 /* Project object */ = {
			isa = PBXProject;
			attributes = {
				LastSwiftUpdateCheck = 1150;
				LastUpgradeCheck = 1150;
				ORGANIZATIONNAME = "Aitor Zubizarreta";
				TargetAttributes = {
					1AF50D7C24EECB0300CDC057 = {
						CreatedOnToolsVersion = 11.5;
					};
				};
			};
			buildConfigurationList = 1AF50D7824EECB0300CDC057 /* Build configuration list for PBXProject "Garraio Publikoa" */;
			compatibilityVersion = "Xcode 9.3";
			developmentRegion = en;
			hasScannedForEncodings = 0;
			knownRegions = (
				en,
				Base,
			);
			mainGroup = 1AF50D7424EECB0300CDC057;
			productRefGroup = 1AF50D7E24EECB0300CDC057 /* Products */;
			projectDirPath = "";
			projectRoot = "";
			targets = (
				1AF50D7C24EECB0300CDC057 /* Garraio Publikoa */,
			);
		};
/* End PBXProject section */

/* Begin PBXResourcesBuildPhase section */
		1AF50D7B24EECB0300CDC057 /* Resources */ = {
			isa = PBXResourcesBuildPhase;
			buildActionMask = 2147483647;
			files = (
				1A159BC9250661CD00B98437 /* RenfeFeve.json in Resources */,
				1A88A7F624F67229004A149E /* FunicularLarreineta.json in Resources */,
				1A88A7F424F670D2004A149E /* TranviaVitoria.json in Resources */,
				1A159BBF2504F1DC00B98437 /* FunicularIgeldo.json in Resources */,
				1AF50D9524EECB3500CDC057 /* .gitignore in Resources */,
				1AF50D8D24EECB0400CDC057 /* LaunchScreen.storyboard in Resources */,
				1A159BC32505672100B98437 /* EtxebarriBus.json in Resources */,
				1A159BC525056AD000B98437 /* KBus.json in Resources */,
				1A9943B024F0980500FC6D99 /* Irunbus.json in Resources */,
				1A88A7F224F670B7004A149E /* TranviaBilbao.json in Resources */,
				1A159BC725062C4500B98437 /* RenfeCercanias.json in Resources */,
				1AF50D8A24EECB0400CDC057 /* Assets.xcassets in Resources */,
				1A9943A824F08CFD00FC6D99 /* DBus.json in Resources */,
				1A69209524F3DD7E00A87389 /* Alavabus.json in Resources */,
				1A88A7EE24F5BAE2004A149E /* Euskotren.json in Resources */,
				1A88A7EC24F5BACC004A149E /* MetroBilbao.json in Resources */,
				1A9943AC24F092D200FC6D99 /* Udalbus.json in Resources */,
				1A69208F24F3D96F00A87389 /* Lurraldebus.json in Resources */,
				1AF50D8824EECB0300CDC057 /* Main.storyboard in Resources */,
				1A88A7F824F6BAF2004A149E /* FunicularArtxanda.json in Resources */,
				1A159BC12504FEA800B98437 /* Bilbaobizi.json in Resources */,
				1A69209324F3DBFD00A87389 /* TUC.json in Resources */,
				1A88A7EA24F5BA7C004A149E /* Pesa.json in Resources */,
				1A9943AA24F0906900FC6D99 /* Tuvisa.json in Resources */,
				1AF50DA024EF467800CDC057 /* Bilbobus.json in Resources */,
				1A9943AE24F095C900FC6D99 /* Bizkaibus.json in Resources */,
			);
			runOnlyForDeploymentPostprocessing = 0;
		};
/* End PBXResourcesBuildPhase section */

/* Begin PBXSourcesBuildPhase section */
		1AF50D7924EECB0300CDC057 /* Sources */ = {
			isa = PBXSourcesBuildPhase;
			buildActionMask = 2147483647;
			files = (
				1AF50D8524EECB0300CDC057 /* ViewController.swift in Sources */,
				1A53CA5F24FEC93D00ECD615 /* Timetable.swift in Sources */,
				1A7D095F2502BCA200A78A90 /* CustomPolyline.swift in Sources */,
				1A53CA6324FEF19600ECD615 /* HexToUIColor.swift in Sources */,
				1AF50D9A24EEFB8300CDC057 /* MapConfiguration.swift in Sources */,
				1A53CA6524FEF3CD00ECD615 /* CustomMarker.swift in Sources */,
				1AF50D9824EEE9B500CDC057 /* MapsFromApple.swift in Sources */,
				1AF50D8124EECB0300CDC057 /* AppDelegate.swift in Sources */,
				1A9943A624F05C6C00FC6D99 /* LocalFile.swift in Sources */,
				1AF3EFA924F81E880055E4DF /* CompanyType.swift in Sources */,
				1A13E30524F1BD3E005B21F0 /* Template.swift in Sources */,
				1A8573B824F171B000E19FCE /* MapMarker.swift in Sources */,
				1AF3EFA724F81D460055E4DF /* Direction.swift in Sources */,
				1A53CA6124FECB0500ECD615 /* StopsIdWithStopTime.swift in Sources */,
				1A1FDD6524FAF9B50094EFBE /* CompanyInfo.swift in Sources */,
				1A1FDD6124FABD430094EFBE /* Stop.swift in Sources */,
				1A9943A024F0169200FC6D99 /* Bus.swift in Sources */,
				1AF3632024F710BA00811964 /* Line.swift in Sources */,
				1AF3EFA524F8194D0055E4DF /* Company.swift in Sources */,
				1A412F4024F562A40092BA89 /* MarkerListViewModel.swift in Sources */,
				1A1FDD6324FABE250094EFBE /* StopTime.swift in Sources */,
				1AF50D8324EECB0300CDC057 /* SceneDelegate.swift in Sources */,
			);
			runOnlyForDeploymentPostprocessing = 0;
		};
/* End PBXSourcesBuildPhase section */

/* Begin PBXVariantGroup section */
		1AF50D8624EECB0300CDC057 /* Main.storyboard */ = {
			isa = PBXVariantGroup;
			children = (
				1AF50D8724EECB0300CDC057 /* Base */,
			);
			name = Main.storyboard;
			sourceTree = "<group>";
		};
		1AF50D8B24EECB0400CDC057 /* LaunchScreen.storyboard */ = {
			isa = PBXVariantGroup;
			children = (
				1AF50D8C24EECB0400CDC057 /* Base */,
			);
			name = LaunchScreen.storyboard;
			sourceTree = "<group>";
		};
/* End PBXVariantGroup section */

/* Begin XCBuildConfiguration section */
		1AF50D8F24EECB0400CDC057 /* Debug */ = {
			isa = XCBuildConfiguration;
			buildSettings = {
				ALWAYS_SEARCH_USER_PATHS = NO;
				CLANG_ANALYZER_NONNULL = YES;
				CLANG_ANALYZER_NUMBER_OBJECT_CONVERSION = YES_AGGRESSIVE;
				CLANG_CXX_LANGUAGE_STANDARD = "gnu++14";
				CLANG_CXX_LIBRARY = "libc++";
				CLANG_ENABLE_MODULES = YES;
				CLANG_ENABLE_OBJC_ARC = YES;
				CLANG_ENABLE_OBJC_WEAK = YES;
				CLANG_WARN_BLOCK_CAPTURE_AUTORELEASING = YES;
				CLANG_WARN_BOOL_CONVERSION = YES;
				CLANG_WARN_COMMA = YES;
				CLANG_WARN_CONSTANT_CONVERSION = YES;
				CLANG_WARN_DEPRECATED_OBJC_IMPLEMENTATIONS = YES;
				CLANG_WARN_DIRECT_OBJC_ISA_USAGE = YES_ERROR;
				CLANG_WARN_DOCUMENTATION_COMMENTS = YES;
				CLANG_WARN_EMPTY_BODY = YES;
				CLANG_WARN_ENUM_CONVERSION = YES;
				CLANG_WARN_INFINITE_RECURSION = YES;
				CLANG_WARN_INT_CONVERSION = YES;
				CLANG_WARN_NON_LITERAL_NULL_CONVERSION = YES;
				CLANG_WARN_OBJC_IMPLICIT_RETAIN_SELF = YES;
				CLANG_WARN_OBJC_LITERAL_CONVERSION = YES;
				CLANG_WARN_OBJC_ROOT_CLASS = YES_ERROR;
				CLANG_WARN_RANGE_LOOP_ANALYSIS = YES;
				CLANG_WARN_STRICT_PROTOTYPES = YES;
				CLANG_WARN_SUSPICIOUS_MOVE = YES;
				CLANG_WARN_UNGUARDED_AVAILABILITY = YES_AGGRESSIVE;
				CLANG_WARN_UNREACHABLE_CODE = YES;
				CLANG_WARN__DUPLICATE_METHOD_MATCH = YES;
				COPY_PHASE_STRIP = NO;
				DEBUG_INFORMATION_FORMAT = dwarf;
				ENABLE_STRICT_OBJC_MSGSEND = YES;
				ENABLE_TESTABILITY = YES;
				GCC_C_LANGUAGE_STANDARD = gnu11;
				GCC_DYNAMIC_NO_PIC = NO;
				GCC_NO_COMMON_BLOCKS = YES;
				GCC_OPTIMIZATION_LEVEL = 0;
				GCC_PREPROCESSOR_DEFINITIONS = (
					"DEBUG=1",
					"$(inherited)",
				);
				GCC_WARN_64_TO_32_BIT_CONVERSION = YES;
				GCC_WARN_ABOUT_RETURN_TYPE = YES_ERROR;
				GCC_WARN_UNDECLARED_SELECTOR = YES;
				GCC_WARN_UNINITIALIZED_AUTOS = YES_AGGRESSIVE;
				GCC_WARN_UNUSED_FUNCTION = YES;
				GCC_WARN_UNUSED_VARIABLE = YES;
				IPHONEOS_DEPLOYMENT_TARGET = 13.5;
				MTL_ENABLE_DEBUG_INFO = INCLUDE_SOURCE;
				MTL_FAST_MATH = YES;
				ONLY_ACTIVE_ARCH = YES;
				SDKROOT = iphoneos;
				SWIFT_ACTIVE_COMPILATION_CONDITIONS = DEBUG;
				SWIFT_OPTIMIZATION_LEVEL = "-Onone";
			};
			name = Debug;
		};
		1AF50D9024EECB0400CDC057 /* Release */ = {
			isa = XCBuildConfiguration;
			buildSettings = {
				ALWAYS_SEARCH_USER_PATHS = NO;
				CLANG_ANALYZER_NONNULL = YES;
				CLANG_ANALYZER_NUMBER_OBJECT_CONVERSION = YES_AGGRESSIVE;
				CLANG_CXX_LANGUAGE_STANDARD = "gnu++14";
				CLANG_CXX_LIBRARY = "libc++";
				CLANG_ENABLE_MODULES = YES;
				CLANG_ENABLE_OBJC_ARC = YES;
				CLANG_ENABLE_OBJC_WEAK = YES;
				CLANG_WARN_BLOCK_CAPTURE_AUTORELEASING = YES;
				CLANG_WARN_BOOL_CONVERSION = YES;
				CLANG_WARN_COMMA = YES;
				CLANG_WARN_CONSTANT_CONVERSION = YES;
				CLANG_WARN_DEPRECATED_OBJC_IMPLEMENTATIONS = YES;
				CLANG_WARN_DIRECT_OBJC_ISA_USAGE = YES_ERROR;
				CLANG_WARN_DOCUMENTATION_COMMENTS = YES;
				CLANG_WARN_EMPTY_BODY = YES;
				CLANG_WARN_ENUM_CONVERSION = YES;
				CLANG_WARN_INFINITE_RECURSION = YES;
				CLANG_WARN_INT_CONVERSION = YES;
				CLANG_WARN_NON_LITERAL_NULL_CONVERSION = YES;
				CLANG_WARN_OBJC_IMPLICIT_RETAIN_SELF = YES;
				CLANG_WARN_OBJC_LITERAL_CONVERSION = YES;
				CLANG_WARN_OBJC_ROOT_CLASS = YES_ERROR;
				CLANG_WARN_RANGE_LOOP_ANALYSIS = YES;
				CLANG_WARN_STRICT_PROTOTYPES = YES;
				CLANG_WARN_SUSPICIOUS_MOVE = YES;
				CLANG_WARN_UNGUARDED_AVAILABILITY = YES_AGGRESSIVE;
				CLANG_WARN_UNREACHABLE_CODE = YES;
				CLANG_WARN__DUPLICATE_METHOD_MATCH = YES;
				COPY_PHASE_STRIP = NO;
				DEBUG_INFORMATION_FORMAT = "dwarf-with-dsym";
				ENABLE_NS_ASSERTIONS = NO;
				ENABLE_STRICT_OBJC_MSGSEND = YES;
				GCC_C_LANGUAGE_STANDARD = gnu11;
				GCC_NO_COMMON_BLOCKS = YES;
				GCC_WARN_64_TO_32_BIT_CONVERSION = YES;
				GCC_WARN_ABOUT_RETURN_TYPE = YES_ERROR;
				GCC_WARN_UNDECLARED_SELECTOR = YES;
				GCC_WARN_UNINITIALIZED_AUTOS = YES_AGGRESSIVE;
				GCC_WARN_UNUSED_FUNCTION = YES;
				GCC_WARN_UNUSED_VARIABLE = YES;
				IPHONEOS_DEPLOYMENT_TARGET = 13.5;
				MTL_ENABLE_DEBUG_INFO = NO;
				MTL_FAST_MATH = YES;
				SDKROOT = iphoneos;
				SWIFT_COMPILATION_MODE = wholemodule;
				SWIFT_OPTIMIZATION_LEVEL = "-O";
				VALIDATE_PRODUCT = YES;
			};
			name = Release;
		};
		1AF50D9224EECB0400CDC057 /* Debug */ = {
			isa = XCBuildConfiguration;
			buildSettings = {
				ASSETCATALOG_COMPILER_APPICON_NAME = AppIcon;
				CODE_SIGN_STYLE = Automatic;
				DEVELOPMENT_TEAM = V9WUS7ZBGW;
				INFOPLIST_FILE = "Garraio Publikoa/Info.plist";
				IPHONEOS_DEPLOYMENT_TARGET = 11.0;
				LD_RUNPATH_SEARCH_PATHS = (
					"$(inherited)",
					"@executable_path/Frameworks",
				);
				PRODUCT_BUNDLE_IDENTIFIER = "eus.aitorzubizarreta.Garraio-Publikoa";
				PRODUCT_NAME = "$(TARGET_NAME)";
				SWIFT_VERSION = 5.0;
				TARGETED_DEVICE_FAMILY = 1;
			};
			name = Debug;
		};
		1AF50D9324EECB0400CDC057 /* Release */ = {
			isa = XCBuildConfiguration;
			buildSettings = {
				ASSETCATALOG_COMPILER_APPICON_NAME = AppIcon;
				CODE_SIGN_STYLE = Automatic;
				DEVELOPMENT_TEAM = V9WUS7ZBGW;
				INFOPLIST_FILE = "Garraio Publikoa/Info.plist";
				IPHONEOS_DEPLOYMENT_TARGET = 11.0;
				LD_RUNPATH_SEARCH_PATHS = (
					"$(inherited)",
					"@executable_path/Frameworks",
				);
				PRODUCT_BUNDLE_IDENTIFIER = "eus.aitorzubizarreta.Garraio-Publikoa";
				PRODUCT_NAME = "$(TARGET_NAME)";
				SWIFT_VERSION = 5.0;
				TARGETED_DEVICE_FAMILY = 1;
			};
			name = Release;
		};
/* End XCBuildConfiguration section */

/* Begin XCConfigurationList section */
		1AF50D7824EECB0300CDC057 /* Build configuration list for PBXProject "Garraio Publikoa" */ = {
			isa = XCConfigurationList;
			buildConfigurations = (
				1AF50D8F24EECB0400CDC057 /* Debug */,
				1AF50D9024EECB0400CDC057 /* Release */,
			);
			defaultConfigurationIsVisible = 0;
			defaultConfigurationName = Release;
		};
		1AF50D9124EECB0400CDC057 /* Build configuration list for PBXNativeTarget "Garraio Publikoa" */ = {
			isa = XCConfigurationList;
			buildConfigurations = (
				1AF50D9224EECB0400CDC057 /* Debug */,
				1AF50D9324EECB0400CDC057 /* Release */,
			);
			defaultConfigurationIsVisible = 0;
			defaultConfigurationName = Release;
		};
/* End XCConfigurationList section */
	};
	rootObject = 1AF50D7524EECB0300CDC057 /* Project object */;
}
